<?xml version="1.0" encoding="utf-8"?>
<Project ToolsVersion="4.0" xmlns="http://schemas.microsoft.com/developer/msbuild/2003">
  <ItemGroup>
    <Filter Include="源文件">
      <UniqueIdentifier>{4FC737F1-C7A5-4376-A066-2A32D752A2FF}</UniqueIdentifier>
      <Extensions>cpp;c;cc;cxx;c++;cppm;ixx;def;odl;idl;hpj;bat;asm;asmx</Extensions>
    </Filter>
    <Filter Include="头文件">
      <UniqueIdentifier>{93995380-89BD-4b04-88EB-625FBE52EBFB}</UniqueIdentifier>
      <Extensions>h;hh;hpp;hxx;h++;hm;inl;inc;ipp;xsd</Extensions>
    </Filter>
    <Filter Include="资源文件">
      <UniqueIdentifier>{67DA6AB6-F800-4c08-8B7A-83BB121AAD01}</UniqueIdentifier>
      <Extensions>rc;ico;cur;bmp;dlg;rc2;rct;bin;rgs;gif;jpg;jpeg;jpe;resx;tiff;tif;png;wav;mfcribbon-ms</Extensions>
    </Filter>
  </ItemGroup>
  <ItemGroup>
    <ClCompile Include="simpletest.cpp">
      <Filter>源文件</Filter>
    </ClCompile>
    <ClCompile Include="剪绳子2.cpp">
      <Filter>头文件</Filter>
    </ClCompile>
  </ItemGroup>
  <ItemGroup>
    <ClInclude Include="两个链表的第一个公共节点.h">
      <Filter>头文件</Filter>
    </ClInclude>
    <ClInclude Include="单向链表.h">
      <Filter>头文件</Filter>
    </ClInclude>
    <ClInclude Include="数字在排序数组中出现的次数.h">
      <Filter>头文件</Filter>
    </ClInclude>
    <ClInclude Include="0至n-1中缺失的数字.h">
      <Filter>头文件</Filter>
    </ClInclude>
    <ClInclude Include="左右两边子数组的和相等.h">
      <Filter>头文件</Filter>
    </ClInclude>
    <ClInclude Include="二叉树.h">
      <Filter>头文件</Filter>
    </ClInclude>
    <ClInclude Include="平衡二叉树.h">
      <Filter>头文件</Filter>
    </ClInclude>
    <ClInclude Include="二叉树的最大深度.h">
      <Filter>头文件</Filter>
    </ClInclude>
    <ClInclude Include="数组中数字出现的次数.h">
      <Filter>头文件</Filter>
    </ClInclude>
    <ClInclude Include="和为s的两个数字.h">
      <Filter>头文件</Filter>
    </ClInclude>
    <ClInclude Include="和为s的连续正数序列.h">
      <Filter>头文件</Filter>
    </ClInclude>
    <ClInclude Include="翻转单词顺序.h">
      <Filter>头文件</Filter>
    </ClInclude>
    <ClInclude Include="左旋转字符串.h">
      <Filter>头文件</Filter>
    </ClInclude>
    <ClInclude Include="滑动窗口的最大值.h">
      <Filter>头文件</Filter>
    </ClInclude>
    <ClInclude Include="队列的最大值.h">
      <Filter>头文件</Filter>
    </ClInclude>
    <ClInclude Include="n个筛子的点数.h">
      <Filter>头文件</Filter>
    </ClInclude>
    <ClInclude Include="扑克牌中的顺子.h">
      <Filter>头文件</Filter>
    </ClInclude>
    <ClInclude Include="圆圈中最后剩下的数字.h">
      <Filter>头文件</Filter>
    </ClInclude>
    <ClInclude Include="求1+2+…+n.h">
      <Filter>头文件</Filter>
    </ClInclude>
    <ClInclude Include="不用加减乘除做加法.h">
      <Filter>头文件</Filter>
    </ClInclude>
    <ClInclude Include="最小栈.h">
      <Filter>头文件</Filter>
    </ClInclude>
    <ClInclude Include="用栈实现队列.h">
      <Filter>头文件</Filter>
    </ClInclude>
    <ClInclude Include="最大值减去最小值小于或等于num的子数组数量.h">
      <Filter>头文件</Filter>
    </ClInclude>
    <ClInclude Include="用递归函数和栈逆序一个栈.h">
      <Filter>头文件</Filter>
    </ClInclude>
    <ClInclude Include="最大子矩阵.h">
      <Filter>头文件</Filter>
    </ClInclude>
    <ClInclude Include="删除链表中倒数第n个节点.h">
      <Filter>头文件</Filter>
    </ClInclude>
    <ClInclude Include="部分反转链表.h">
      <Filter>头文件</Filter>
    </ClInclude>
    <ClInclude Include="将单向链表按某值划分为左边小，中间相等，右边大的形式.h">
      <Filter>头文件</Filter>
    </ClInclude>
    <ClInclude Include="链表中的两数相加.h">
      <Filter>头文件</Filter>
    </ClInclude>
    <ClInclude Include="单向链表每k个节点之间逆序.h">
      <Filter>头文件</Filter>
    </ClInclude>
    <ClInclude Include="删除无序链表中值重复出现的节点.h">
      <Filter>头文件</Filter>
    </ClInclude>
    <ClInclude Include="将搜索二叉树转换成双向链表.h">
      <Filter>头文件</Filter>
    </ClInclude>
    <ClInclude Include="双向链表.h">
      <Filter>头文件</Filter>
    </ClInclude>
    <ClInclude Include="向有序的环形单链表中插入节点.h">
      <Filter>头文件</Filter>
    </ClInclude>
    <ClInclude Include="合并两个有序链表.h">
      <Filter>头文件</Filter>
    </ClInclude>
    <ClInclude Include="按照左右半区的方式重新组合单链表.h">
      <Filter>头文件</Filter>
    </ClInclude>
    <ClInclude Include="较为直观地打印二叉树.h">
      <Filter>头文件</Filter>
    </ClInclude>
    <ClInclude Include="序列化和反序列化二叉树.h">
      <Filter>头文件</Filter>
    </ClInclude>
    <ClInclude Include="二叉搜索树迭代器.h">
      <Filter>头文件</Filter>
    </ClInclude>
    <ClInclude Include="树的子结构.h">
      <Filter>头文件</Filter>
    </ClInclude>
    <ClInclude Include="判断数组是否二叉搜索树树后序遍历结果.h">
      <Filter>头文件</Filter>
    </ClInclude>
    <ClInclude Include="根据后序数组重建二叉搜索树.h">
      <Filter>头文件</Filter>
    </ClInclude>
    <ClInclude Include="递增链表递增数组转化为二叉搜索树.h">
      <Filter>头文件</Filter>
    </ClInclude>
    <ClInclude Include="通过前序和中序数组生成后序数组.h">
      <Filter>头文件</Filter>
    </ClInclude>
    <ClInclude Include="数组中重复的数字.h">
      <Filter>头文件</Filter>
    </ClInclude>
    <ClInclude Include="二维数组中的查找.h">
      <Filter>头文件</Filter>
    </ClInclude>
    <ClInclude Include="替换空格.h">
      <Filter>头文件</Filter>
    </ClInclude>
    <ClInclude Include="从前序与中序遍历序列构造二叉树.h">
      <Filter>头文件</Filter>
    </ClInclude>
    <ClInclude Include="旋转排序数组中的最小值.h">
      <Filter>头文件</Filter>
    </ClInclude>
    <ClInclude Include="矩阵中的路径.h">
      <Filter>头文件</Filter>
    </ClInclude>
    <ClInclude Include="机器人的运动范围.h">
      <Filter>头文件</Filter>
    </ClInclude>
    <ClInclude Include="剪绳子.h">
      <Filter>头文件</Filter>
    </ClInclude>
    <ClInclude Include="数值的整数次方.h">
      <Filter>头文件</Filter>
    </ClInclude>
    <ClInclude Include="打印从1到最大n位数.h">
      <Filter>头文件</Filter>
    </ClInclude>
    <ClInclude Include="O(1)删除链表内某节点.h">
      <Filter>头文件</Filter>
    </ClInclude>
    <ClInclude Include="两两交换链表中的节点.h">
      <Filter>头文件</Filter>
    </ClInclude>
    <ClInclude Include="奇偶链表.h">
      <Filter>头文件</Filter>
    </ClInclude>
    <ClInclude Include="二叉树的直径.h">
      <Filter>头文件</Filter>
    </ClInclude>
    <ClInclude Include="对称二叉树.h">
      <Filter>头文件</Filter>
    </ClInclude>
    <ClInclude Include="二叉树路径总和III_不要求过根节点.h">
      <Filter>头文件</Filter>
    </ClInclude>
    <ClInclude Include="删点成林.h">
      <Filter>头文件</Filter>
    </ClInclude>
    <ClInclude Include="includeall.h">
      <Filter>头文件</Filter>
    </ClInclude>
    <ClInclude Include="二叉树的层平均值.h">
      <Filter>头文件</Filter>
    </ClInclude>
    <ClInclude Include="恢复二叉搜索树.h">
      <Filter>头文件</Filter>
    </ClInclude>
    <ClInclude Include="修剪二叉搜索树.h">
      <Filter>头文件</Filter>
    </ClInclude>
    <ClInclude Include="字典树前缀树（不含删除操作）.h">
      <Filter>头文件</Filter>
    </ClInclude>
    <ClInclude Include="左叶子之和.h">
      <Filter>头文件</Filter>
    </ClInclude>
    <ClInclude Include="二叉树最左下角的值.h">
      <Filter>头文件</Filter>
    </ClInclude>
    <ClInclude Include="把二叉搜索树转换为累加树.h">
      <Filter>头文件</Filter>
    </ClInclude>
    <ClInclude Include="二叉搜索树的最小绝对差.h">
      <Filter>头文件</Filter>
    </ClInclude>
    <ClInclude Include="二叉树的最近公共祖先.h">
      <Filter>头文件</Filter>
    </ClInclude>
    <ClInclude Include="递增顺序搜索树.h">
      <Filter>头文件</Filter>
    </ClInclude>
    <ClInclude Include="两数之和 IV - 输入 BST.h">
      <Filter>头文件</Filter>
    </ClInclude>
    <ClInclude Include="删除二叉搜索树中的节点.h">
      <Filter>头文件</Filter>
    </ClInclude>
    <ClInclude Include="搜索旋转排序数组.h">
      <Filter>头文件</Filter>
    </ClInclude>
    <ClInclude Include="有序数组中的单一元素.h">
      <Filter>头文件</Filter>
    </ClInclude>
    <ClInclude Include="寻找两个正序数组中的中位数.h">
      <Filter>头文件</Filter>
    </ClInclude>
    <ClInclude Include="数组中的第K个最大元素.h">
      <Filter>头文件</Filter>
    </ClInclude>
    <ClInclude Include="根据字符出现频率排序.h">
      <Filter>头文件</Filter>
    </ClInclude>
    <ClInclude Include="三数之和.h">
      <Filter>头文件</Filter>
    </ClInclude>
    <ClInclude Include="岛屿的最大面积.h">
      <Filter>头文件</Filter>
    </ClInclude>
    <ClInclude Include="省份数量%28朋友圈%29.h">
      <Filter>头文件</Filter>
    </ClInclude>
    <ClInclude Include="太平洋大西洋水流问题.h">
      <Filter>头文件</Filter>
    </ClInclude>
    <ClInclude Include="全排列.h">
      <Filter>头文件</Filter>
    </ClInclude>
    <ClInclude Include="最短的桥（填海造陆）.h">
      <Filter>头文件</Filter>
    </ClInclude>
    <ClInclude Include="单词接龙.h">
      <Filter>头文件</Filter>
    </ClInclude>
    <ClInclude Include="全排列II_含重复元素.h">
      <Filter>头文件</Filter>
    </ClInclude>
    <ClInclude Include="组合.h">
      <Filter>头文件</Filter>
    </ClInclude>
    <ClInclude Include="组合总和含重复元素.h">
      <Filter>头文件</Filter>
    </ClInclude>
    <ClInclude Include="最小高度树.h">
      <Filter>头文件</Filter>
    </ClInclude>
    <ClInclude Include="等差数列数量.h">
      <Filter>头文件</Filter>
    </ClInclude>
    <ClInclude Include="复杂链表的复制.h">
      <Filter>头文件</Filter>
    </ClInclude>
    <ClInclude Include="矩阵最小路径和.h">
      <Filter>头文件</Filter>
    </ClInclude>
    <ClInclude Include="01矩阵.h">
      <Filter>头文件</Filter>
    </ClInclude>
    <ClInclude Include="最大正方形.h">
      <Filter>头文件</Filter>
    </ClInclude>
    <ClInclude Include="完全平方数.h">
      <Filter>头文件</Filter>
    </ClInclude>
    <ClInclude Include="数字字符串解码方法总数.h">
      <Filter>头文件</Filter>
    </ClInclude>
    <ClInclude Include="单词拆分.h">
      <Filter>头文件</Filter>
    </ClInclude>
    <ClInclude Include="最长递增子序列.h">
      <Filter>头文件</Filter>
    </ClInclude>
    <ClInclude Include="最长公共子序列.h">
      <Filter>头文件</Filter>
    </ClInclude>
    <ClInclude Include="分割等和子集.h">
      <Filter>头文件</Filter>
    </ClInclude>
    <ClInclude Include="字符串相加.h">
      <Filter>头文件</Filter>
    </ClInclude>
    <ClInclude Include="二叉树路径总和II_要求根到叶子.h">
      <Filter>头文件</Filter>
    </ClInclude>
    <ClInclude Include="二叉树最大路径和.h">
      <Filter>头文件</Filter>
    </ClInclude>
    <ClInclude Include="零钱兑换.h">
      <Filter>头文件</Filter>
    </ClInclude>
    <ClInclude Include="只有两个按键的键盘.h">
      <Filter>头文件</Filter>
    </ClInclude>
    <ClInclude Include="编辑距离.h">
      <Filter>头文件</Filter>
    </ClInclude>
    <ClInclude Include="正则表达式匹配.h">
      <Filter>头文件</Filter>
    </ClInclude>
    <ClInclude Include="买卖股票的最佳时机I_限制买卖1次.h">
      <Filter>头文件</Filter>
    </ClInclude>
    <ClInclude Include="买卖股票的最佳时机II_不限买卖次数.h">
      <Filter>头文件</Filter>
    </ClInclude>
    <ClInclude Include="买卖股票的最佳时机III_限制买卖2次.h">
      <Filter>头文件</Filter>
    </ClInclude>
    <ClInclude Include="买卖股票的最佳时机IV_限制买卖k次.h">
      <Filter>头文件</Filter>
    </ClInclude>
    <ClInclude Include="买卖股票的最佳时机V_冷静期.h">
      <Filter>头文件</Filter>
    </ClInclude>
    <ClInclude Include="买卖股票的最佳时机VI_不限买卖次数_含手续费.h">
      <Filter>头文件</Filter>
    </ClInclude>
    <ClInclude Include="爬楼梯.h">
      <Filter>头文件</Filter>
    </ClInclude>
    <ClInclude Include="爬楼梯_使用最小花费.h">
      <Filter>头文件</Filter>
    </ClInclude>
    <ClInclude Include="不同路径.h">
      <Filter>头文件</Filter>
    </ClInclude>
    <ClInclude Include="不同路径II_有障碍物.h">
      <Filter>头文件</Filter>
    </ClInclude>
    <ClInclude Include="复原IP地址.h">
      <Filter>头文件</Filter>
    </ClInclude>
    <ClInclude Include="一和零.h">
      <Filter>头文件</Filter>
    </ClInclude>
    <ClInclude Include="LRU缓存.h">
      <Filter>头文件</Filter>
    </ClInclude>
    <ClInclude Include="零钱兑换II_凑成总金额的组合数.h">
      <Filter>头文件</Filter>
    </ClInclude>
    <ClInclude Include="组合总和_可有重复元素_返回vector.h">
      <Filter>头文件</Filter>
    </ClInclude>
    <ClInclude Include="组合总和II_无重复元素_返回vector.h">
      <Filter>头文件</Filter>
    </ClInclude>
    <ClInclude Include="组合总和III_只使用1至9_返回vector.h">
      <Filter>头文件</Filter>
    </ClInclude>
    <ClInclude Include="组合总和IV_不同排列的总数量_返回int.h">
      <Filter>头文件</Filter>
    </ClInclude>
    <ClInclude Include="打家劫舍.h">
      <Filter>头文件</Filter>
    </ClInclude>
    <ClInclude Include="打家劫舍II_环形小区.h">
      <Filter>头文件</Filter>
    </ClInclude>
    <ClInclude Include="打家劫舍III_二叉树小区.h">
      <Filter>头文件</Filter>
    </ClInclude>
    <ClInclude Include="最长连续递增序列.h">
      <Filter>头文件</Filter>
    </ClInclude>
    <ClInclude Include="最长重复子数组.h">
      <Filter>头文件</Filter>
    </ClInclude>
    <ClInclude Include="不相交的线.h">
      <Filter>头文件</Filter>
    </ClInclude>
    <ClInclude Include="最大子数组和.h">
      <Filter>头文件</Filter>
    </ClInclude>
    <ClInclude Include="判断子序列.h">
      <Filter>头文件</Filter>
    </ClInclude>
    <ClInclude Include="不同的子序列.h">
      <Filter>头文件</Filter>
    </ClInclude>
    <ClInclude Include="两个字符串的删除操作.h">
      <Filter>头文件</Filter>
    </ClInclude>
    <ClInclude Include="回文子串.h">
      <Filter>头文件</Filter>
    </ClInclude>
    <ClInclude Include="最长回文子串.h">
      <Filter>头文件</Filter>
    </ClInclude>
    <ClInclude Include="最长回文子序列.h">
      <Filter>头文件</Filter>
    </ClInclude>
    <ClInclude Include="二叉树的层序遍历.h">
      <Filter>头文件</Filter>
    </ClInclude>
    <ClInclude Include="二叉树的层序遍历II.h">
      <Filter>头文件</Filter>
    </ClInclude>
    <ClInclude Include="二叉树的右视图.h">
      <Filter>头文件</Filter>
    </ClInclude>
    <ClInclude Include="N叉树的层序遍历.h">
      <Filter>头文件</Filter>
    </ClInclude>
    <ClInclude Include="在每个树行中找最大值.h">
      <Filter>头文件</Filter>
    </ClInclude>
    <ClInclude Include="填充每个节点的下一个右侧节点指针.h">
      <Filter>头文件</Filter>
    </ClInclude>
    <ClInclude Include="填充每个节点的下一个右侧节点指针 II.h">
      <Filter>头文件</Filter>
    </ClInclude>
    <ClInclude Include="翻转二叉树.h">
      <Filter>头文件</Filter>
    </ClInclude>
    <ClInclude Include="N叉树的最大深度.h">
      <Filter>头文件</Filter>
    </ClInclude>
    <ClInclude Include="二叉树的最小深度.h">
      <Filter>头文件</Filter>
    </ClInclude>
    <ClInclude Include="完全二叉树的节点个数.h">
      <Filter>头文件</Filter>
    </ClInclude>
    <ClInclude Include="二叉树的所有路径.h">
      <Filter>头文件</Filter>
    </ClInclude>
    <ClInclude Include="相同的树.h">
      <Filter>头文件</Filter>
    </ClInclude>
    <ClInclude Include="路径总和_判断是否存在路径.h">
      <Filter>头文件</Filter>
    </ClInclude>
    <ClInclude Include="从中序与后序遍历序列构造二叉树.h">
      <Filter>头文件</Filter>
    </ClInclude>
    <ClInclude Include="最大二叉树.h">
      <Filter>头文件</Filter>
    </ClInclude>
    <ClInclude Include="合并二叉树.h">
      <Filter>头文件</Filter>
    </ClInclude>
    <ClInclude Include="验证二叉搜索树.h">
      <Filter>头文件</Filter>
    </ClInclude>
    <ClInclude Include="二叉搜索树中的众数.h">
      <Filter>头文件</Filter>
    </ClInclude>
    <ClInclude Include="二叉搜索树的最近公共祖先.h">
      <Filter>头文件</Filter>
    </ClInclude>
    <ClInclude Include="二叉搜索树中的插入操作.h">
      <Filter>头文件</Filter>
    </ClInclude>
    <ClInclude Include="将有序数组转换为二叉搜索树.h">
      <Filter>头文件</Filter>
    </ClInclude>
    <ClInclude Include="电话号码的字母组合.h">
      <Filter>头文件</Filter>
    </ClInclude>
    <ClInclude Include="分割回文串.h">
      <Filter>头文件</Filter>
    </ClInclude>
    <ClInclude Include="子集.h">
      <Filter>头文件</Filter>
    </ClInclude>
    <ClInclude Include="子集II_有重复元素.h">
      <Filter>头文件</Filter>
    </ClInclude>
    <ClInclude Include="递增子序列_有重复元素.h">
      <Filter>头文件</Filter>
    </ClInclude>
    <ClInclude Include="LRU 缓存.h">
      <Filter>头文件</Filter>
    </ClInclude>
    <ClInclude Include="LFU缓存.h">
      <Filter>头文件</Filter>
    </ClInclude>
    <ClInclude Include="重排链表.h">
      <Filter>头文件</Filter>
    </ClInclude>
    <ClInclude Include="字符串转换整数 (atoi).h">
      <Filter>头文件</Filter>
    </ClInclude>
    <ClInclude Include="回文链表.h">
      <Filter>头文件</Filter>
    </ClInclude>
    <ClInclude Include="用 Rand7() 实现 Rand10().h">
      <Filter>头文件</Filter>
    </ClInclude>
    <ClInclude Include="数据流中的中位数.h">
      <Filter>头文件</Filter>
    </ClInclude>
    <ClInclude Include="无重复字符的最长子串.h">
      <Filter>头文件</Filter>
    </ClInclude>
    <ClInclude Include="至少有 K 个重复字符的最长子串.h">
      <Filter>头文件</Filter>
    </ClInclude>
    <ClInclude Include="每日温度.h">
      <Filter>头文件</Filter>
    </ClInclude>
    <ClInclude Include="下一个更大元素I.h">
      <Filter>头文件</Filter>
    </ClInclude>
    <ClInclude Include="下一个更大元素II_环形数组.h">
      <Filter>头文件</Filter>
    </ClInclude>
    <ClInclude Include="接雨水.h">
      <Filter>头文件</Filter>
    </ClInclude>
    <ClInclude Include="柱状图中最大的矩形.h">
      <Filter>头文件</Filter>
    </ClInclude>
    <ClInclude Include="搜索插入位置.h">
      <Filter>头文件</Filter>
    </ClInclude>
    <ClInclude Include="在排序数组中查找元素的第一个和最后一个位置.h">
      <Filter>头文件</Filter>
    </ClInclude>
    <ClInclude Include="x的平方根.h">
      <Filter>头文件</Filter>
    </ClInclude>
    <ClInclude Include="有序数组的平方.h">
      <Filter>头文件</Filter>
    </ClInclude>
    <ClInclude Include="比较含退格的字符串.h">
      <Filter>头文件</Filter>
    </ClInclude>
    <ClInclude Include="移除元素.h">
      <Filter>头文件</Filter>
    </ClInclude>
    <ClInclude Include="移动零.h">
      <Filter>头文件</Filter>
    </ClInclude>
    <ClInclude Include="删除有序数组中的重复项.h">
      <Filter>头文件</Filter>
    </ClInclude>
    <ClInclude Include="长度最小的子数组.h">
      <Filter>头文件</Filter>
    </ClInclude>
    <ClInclude Include="水果成篮.h">
      <Filter>头文件</Filter>
    </ClInclude>
    <ClInclude Include="最小覆盖子串.h">
      <Filter>头文件</Filter>
    </ClInclude>
    <ClInclude Include="螺旋矩阵 II.h">
      <Filter>头文件</Filter>
    </ClInclude>
    <ClInclude Include="四数相加II.h">
      <Filter>头文件</Filter>
    </ClInclude>
    <ClInclude Include="四数之和.h">
      <Filter>头文件</Filter>
    </ClInclude>
    <ClInclude Include="颠倒字符串中的单词.h">
      <Filter>头文件</Filter>
    </ClInclude>
    <ClInclude Include="实现 strStr%28%29_KMP算法.h">
      <Filter>头文件</Filter>
    </ClInclude>
    <ClInclude Include="重复的子字符串_kmp.h">
      <Filter>头文件</Filter>
    </ClInclude>
    <ClInclude Include="有效的括号.h">
      <Filter>头文件</Filter>
    </ClInclude>
    <ClInclude Include="用队列实现栈.h">
      <Filter>头文件</Filter>
    </ClInclude>
    <ClInclude Include="删除字符串中的所有相邻重复项.h">
      <Filter>头文件</Filter>
    </ClInclude>
    <ClInclude Include="逆波兰表达式求值.h">
      <Filter>头文件</Filter>
    </ClInclude>
    <ClInclude Include="前 K 个高频元素.h">
      <Filter>头文件</Filter>
    </ClInclude>
  </ItemGroup>
</Project>