<?xml version="1.0" encoding="utf-8"?>
<Project ToolsVersion="4.0" xmlns="http://schemas.microsoft.com/developer/msbuild/2003">
  <ItemGroup>
    <Filter Include="源文件">
      <UniqueIdentifier>{4FC737F1-C7A5-4376-A066-2A32D752A2FF}</UniqueIdentifier>
      <Extensions>cpp;c;cc;cxx;c++;cppm;ixx;def;odl;idl;hpj;bat;asm;asmx</Extensions>
    </Filter>
    <Filter Include="头文件">
      <UniqueIdentifier>{93995380-89BD-4b04-88EB-625FBE52EBFB}</UniqueIdentifier>
      <Extensions>h;hh;hpp;hxx;h++;hm;inl;inc;ipp;xsd</Extensions>
    </Filter>
    <Filter Include="资源文件">
      <UniqueIdentifier>{67DA6AB6-F800-4c08-8B7A-83BB121AAD01}</UniqueIdentifier>
      <Extensions>rc;ico;cur;bmp;dlg;rc2;rct;bin;rgs;gif;jpg;jpeg;jpe;resx;tiff;tif;png;wav;mfcribbon-ms</Extensions>
    </Filter>
  </ItemGroup>
  <ItemGroup>
    <ClCompile Include="源.cpp">
      <Filter>源文件</Filter>
    </ClCompile>
  </ItemGroup>
  <ItemGroup>
    <ClInclude Include="两个链表的第一个公共节点.h">
      <Filter>头文件</Filter>
    </ClInclude>
    <ClInclude Include="单向链表.h">
      <Filter>头文件</Filter>
    </ClInclude>
    <ClInclude Include="数字在排序数组中出现的次数.h">
      <Filter>头文件</Filter>
    </ClInclude>
    <ClInclude Include="0至n-1中缺失的数字.h">
      <Filter>头文件</Filter>
    </ClInclude>
    <ClInclude Include="左右两边子数组的和相等.h">
      <Filter>头文件</Filter>
    </ClInclude>
    <ClInclude Include="二叉树.h">
      <Filter>头文件</Filter>
    </ClInclude>
    <ClInclude Include="是否平衡二叉树.h">
      <Filter>头文件</Filter>
    </ClInclude>
    <ClInclude Include="二叉树深度.h">
      <Filter>头文件</Filter>
    </ClInclude>
    <ClInclude Include="数组中数字出现的次数.h">
      <Filter>头文件</Filter>
    </ClInclude>
    <ClInclude Include="和为s的两个数字.h">
      <Filter>头文件</Filter>
    </ClInclude>
    <ClInclude Include="和为s的连续正数序列.h">
      <Filter>头文件</Filter>
    </ClInclude>
    <ClInclude Include="翻转单词顺序.h">
      <Filter>头文件</Filter>
    </ClInclude>
    <ClInclude Include="左旋转字符串.h">
      <Filter>头文件</Filter>
    </ClInclude>
    <ClInclude Include="滑动窗口的最大值.h">
      <Filter>头文件</Filter>
    </ClInclude>
    <ClInclude Include="队列的最大值.h">
      <Filter>头文件</Filter>
    </ClInclude>
    <ClInclude Include="n个筛子的点数.h">
      <Filter>头文件</Filter>
    </ClInclude>
    <ClInclude Include="扑克牌中的顺子.h">
      <Filter>头文件</Filter>
    </ClInclude>
    <ClInclude Include="圆圈中最后剩下的数字.h">
      <Filter>头文件</Filter>
    </ClInclude>
    <ClInclude Include="股票的最大利润.h">
      <Filter>头文件</Filter>
    </ClInclude>
    <ClInclude Include="求1+2+…+n.h">
      <Filter>头文件</Filter>
    </ClInclude>
    <ClInclude Include="不用加减乘除做加法.h">
      <Filter>头文件</Filter>
    </ClInclude>
    <ClInclude Include="最小栈.h">
      <Filter>头文件</Filter>
    </ClInclude>
    <ClInclude Include="用栈实现队列.h">
      <Filter>头文件</Filter>
    </ClInclude>
    <ClInclude Include="最大值减去最小值小于或等于num的子数组数量.h">
      <Filter>头文件</Filter>
    </ClInclude>
    <ClInclude Include="用递归函数和栈逆序一个栈.h">
      <Filter>头文件</Filter>
    </ClInclude>
    <ClInclude Include="矩阵中最大的矩形.h">
      <Filter>头文件</Filter>
    </ClInclude>
    <ClInclude Include="最大子矩阵.h">
      <Filter>头文件</Filter>
    </ClInclude>
    <ClInclude Include="删除链表中倒数第n个节点.h">
      <Filter>头文件</Filter>
    </ClInclude>
    <ClInclude Include="部分反转链表.h">
      <Filter>头文件</Filter>
    </ClInclude>
    <ClInclude Include="将单向链表按某值划分为左边小，中间相等，右边大的形式.h">
      <Filter>头文件</Filter>
    </ClInclude>
    <ClInclude Include="链表中的两数相加.h">
      <Filter>头文件</Filter>
    </ClInclude>
    <ClInclude Include="单向链表每k个节点之间逆序.h">
      <Filter>头文件</Filter>
    </ClInclude>
    <ClInclude Include="删除无序链表中值重复出现的节点.h">
      <Filter>头文件</Filter>
    </ClInclude>
    <ClInclude Include="将搜索二叉树转换成双向链表.h">
      <Filter>头文件</Filter>
    </ClInclude>
    <ClInclude Include="双向链表.h">
      <Filter>头文件</Filter>
    </ClInclude>
    <ClInclude Include="向有序的环形单链表中插入节点.h">
      <Filter>头文件</Filter>
    </ClInclude>
    <ClInclude Include="合并两个有序的单链表.h">
      <Filter>头文件</Filter>
    </ClInclude>
    <ClInclude Include="按照左右半区的方式重新组合单链表.h">
      <Filter>头文件</Filter>
    </ClInclude>
  </ItemGroup>
</Project>